
Microsoft Visual Studio Solution File, Format Version 12.00
# Visual Studio 15
VisualStudioVersion = 15.0.27130.2026
MinimumVisualStudioVersion = 10.0.40219.1
Project("{FAE04EC0-301F-11D3-BF4B-00C04F79EFBC}") = "SN.WEB", "SN.WEB\SN.WEB.csproj", "{FEE5C92B-80EE-4B3A-885A-69561297EDC8}"
EndProject
Project("{FAE04EC0-301F-11D3-BF4B-00C04F79EFBC}") = "SN.DomainModels", "SN.DomainModels\SN.DomainModels.csproj", "{A4FCB409-EEED-4CB5-BC18-C44C42FFC9E4}"
EndProject
Project("{FAE04EC0-301F-11D3-BF4B-00C04F79EFBC}") = "SN.DAL", "SN.DAL\SN.DAL.csproj", "{1D447B99-02D9-4783-9ED4-7FB11863879B}"
EndProject
Project("{FAE04EC0-301F-11D3-BF4B-00C04F79EFBC}") = "SN.BLL", "SN.BLL\SN.BLL.csproj", "{FC35596D-4182-4F32-945F-4535C25BF12D}"
EndProject
Global
	GlobalSection(SolutionConfigurationPlatforms) = preSolution
		Debug|Any CPU = Debug|Any CPU
		Release|Any CPU = Release|Any CPU
	EndGlobalSection
	GlobalSection(ProjectConfigurationPlatforms) = postSolution
		{FEE5C92B-80EE-4B3A-885A-69561297EDC8}.Debug|Any CPU.ActiveCfg = Debug|Any CPU
		{FEE5C92B-80EE-4B3A-885A-69561297EDC8}.Debug|Any CPU.Build.0 = Debug|Any CPU
		{FEE5C92B-80EE-4B3A-885A-69561297EDC8}.Release|Any CPU.ActiveCfg = Release|Any CPU
		{FEE5C92B-80EE-4B3A-885A-69561297EDC8}.Release|Any CPU.Build.0 = Release|Any CPU
		{A4FCB409-EEED-4CB5-BC18-C44C42FFC9E4}.Debug|Any CPU.ActiveCfg = Debug|Any CPU
		{A4FCB409-EEED-4CB5-BC18-C44C42FFC9E4}.Debug|Any CPU.Build.0 = Debug|Any CPU
		{A4FCB409-EEED-4CB5-BC18-C44C42FFC9E4}.Release|Any CPU.ActiveCfg = Release|Any CPU
		{A4FCB409-EEED-4CB5-BC18-C44C42FFC9E4}.Release|Any CPU.Build.0 = Release|Any CPU
		{1D447B99-02D9-4783-9ED4-7FB11863879B}.Debug|Any CPU.ActiveCfg = Debug|Any CPU
		{1D447B99-02D9-4783-9ED4-7FB11863879B}.Debug|Any CPU.Build.0 = Debug|Any CPU
		{1D447B99-02D9-4783-9ED4-7FB11863879B}.Release|Any CPU.ActiveCfg = Release|Any CPU
		{1D447B99-02D9-4783-9ED4-7FB11863879B}.Release|Any CPU.Build.0 = Release|Any CPU
		{FC35596D-4182-4F32-945F-4535C25BF12D}.Debug|Any CPU.ActiveCfg = Debug|Any CPU
		{FC35596D-4182-4F32-945F-4535C25BF12D}.Debug|Any CPU.Build.0 = Debug|Any CPU
		{FC35596D-4182-4F32-945F-4535C25BF12D}.Release|Any CPU.ActiveCfg = Release|Any CPU
		{FC35596D-4182-4F32-945F-4535C25BF12D}.Release|Any CPU.Build.0 = Release|Any CPU
	EndGlobalSection
	GlobalSection(SolutionProperties) = preSolution
		HideSolutionNode = FALSE
	EndGlobalSection
	GlobalSection(ExtensibilityGlobals) = postSolution
		SolutionGuid = {A6E72E6D-6D8C-4BBF-8485-35FD1C3DA3B0}
	EndGlobalSection
EndGlobal
